
Microsoft Visual Studio Solution File, Format Version 12.00
# Visual Studio Version 16
VisualStudioVersion = 16.0.31515.178
MinimumVisualStudioVersion = 10.0.40219.1
Project("{9A19103F-16F7-4668-BE54-9A1E7A4F7556}") = "CutCode.CrossPlatform", "CutCode.CrossPlatform\CutCode.CrossPlatform.csproj", "{E09743C5-B298-4EA1-9E47-EDF36087C1D4}"
EndProject
Project("{FAE04EC0-301F-11D3-BF4B-00C04F79EFBC}") = "AvaloniaEdit", "AvaloniaEdit\AvaloniaEdit.csproj", "{F86DBB1D-1BB6-48D2-BF51-0C8648532582}"
EndProject
Project("{FAE04EC0-301F-11D3-BF4B-00C04F79EFBC}") = "AvaloniaEdit.TextMate", "AvaloniaEdit.TextMate\AvaloniaEdit.TextMate.csproj", "{1AFF12A8-365C-470A-A880-05B884A93FE1}"
EndProject
Global
	GlobalSection(SolutionConfigurationPlatforms) = preSolution
		Debug|Any CPU = Debug|Any CPU
		Debug|iPhone = Debug|iPhone
		Debug|iPhoneSimulator = Debug|iPhoneSimulator
		Release|Any CPU = Release|Any CPU
		Release|iPhone = Release|iPhone
		Release|iPhoneSimulator = Release|iPhoneSimulator
	EndGlobalSection
	GlobalSection(ProjectConfigurationPlatforms) = postSolution
		{E09743C5-B298-4EA1-9E47-EDF36087C1D4}.Debug|Any CPU.ActiveCfg = Debug|Any CPU
		{E09743C5-B298-4EA1-9E47-EDF36087C1D4}.Debug|Any CPU.Build.0 = Debug|Any CPU
		{E09743C5-B298-4EA1-9E47-EDF36087C1D4}.Debug|iPhone.ActiveCfg = Debug|Any CPU
		{E09743C5-B298-4EA1-9E47-EDF36087C1D4}.Debug|iPhone.Build.0 = Debug|Any CPU
		{E09743C5-B298-4EA1-9E47-EDF36087C1D4}.Debug|iPhoneSimulator.ActiveCfg = Debug|Any CPU
		{E09743C5-B298-4EA1-9E47-EDF36087C1D4}.Debug|iPhoneSimulator.Build.0 = Debug|Any CPU
		{E09743C5-B298-4EA1-9E47-EDF36087C1D4}.Release|Any CPU.ActiveCfg = Release|Any CPU
		{E09743C5-B298-4EA1-9E47-EDF36087C1D4}.Release|Any CPU.Build.0 = Release|Any CPU
		{E09743C5-B298-4EA1-9E47-EDF36087C1D4}.Release|iPhone.ActiveCfg = Release|Any CPU
		{E09743C5-B298-4EA1-9E47-EDF36087C1D4}.Release|iPhone.Build.0 = Release|Any CPU
		{E09743C5-B298-4EA1-9E47-EDF36087C1D4}.Release|iPhoneSimulator.ActiveCfg = Release|Any CPU
		{E09743C5-B298-4EA1-9E47-EDF36087C1D4}.Release|iPhoneSimulator.Build.0 = Release|Any CPU
		{F86DBB1D-1BB6-48D2-BF51-0C8648532582}.Debug|Any CPU.ActiveCfg = Debug|Any CPU
		{F86DBB1D-1BB6-48D2-BF51-0C8648532582}.Debug|Any CPU.Build.0 = Debug|Any CPU
		{F86DBB1D-1BB6-48D2-BF51-0C8648532582}.Debug|iPhone.ActiveCfg = Debug|Any CPU
		{F86DBB1D-1BB6-48D2-BF51-0C8648532582}.Debug|iPhone.Build.0 = Debug|Any CPU
		{F86DBB1D-1BB6-48D2-BF51-0C8648532582}.Debug|iPhoneSimulator.ActiveCfg = Debug|Any CPU
		{F86DBB1D-1BB6-48D2-BF51-0C8648532582}.Debug|iPhoneSimulator.Build.0 = Debug|Any CPU
		{F86DBB1D-1BB6-48D2-BF51-0C8648532582}.Release|Any CPU.ActiveCfg = Release|Any CPU
		{F86DBB1D-1BB6-48D2-BF51-0C8648532582}.Release|Any CPU.Build.0 = Release|Any CPU
		{F86DBB1D-1BB6-48D2-BF51-0C8648532582}.Release|iPhone.ActiveCfg = Release|Any CPU
		{F86DBB1D-1BB6-48D2-BF51-0C8648532582}.Release|iPhone.Build.0 = Release|Any CPU
		{F86DBB1D-1BB6-48D2-BF51-0C8648532582}.Release|iPhoneSimulator.ActiveCfg = Release|Any CPU
		{F86DBB1D-1BB6-48D2-BF51-0C8648532582}.Release|iPhoneSimulator.Build.0 = Release|Any CPU
		{1AFF12A8-365C-470A-A880-05B884A93FE1}.Debug|Any CPU.ActiveCfg = Debug|Any CPU
		{1AFF12A8-365C-470A-A880-05B884A93FE1}.Debug|Any CPU.Build.0 = Debug|Any CPU
		{1AFF12A8-365C-470A-A880-05B884A93FE1}.Debug|iPhone.ActiveCfg = Debug|Any CPU
		{1AFF12A8-365C-470A-A880-05B884A93FE1}.Debug|iPhone.Build.0 = Debug|Any CPU
		{1AFF12A8-365C-470A-A880-05B884A93FE1}.Debug|iPhoneSimulator.ActiveCfg = Debug|Any CPU
		{1AFF12A8-365C-470A-A880-05B884A93FE1}.Debug|iPhoneSimulator.Build.0 = Debug|Any CPU
		{1AFF12A8-365C-470A-A880-05B884A93FE1}.Release|Any CPU.ActiveCfg = Release|Any CPU
		{1AFF12A8-365C-470A-A880-05B884A93FE1}.Release|Any CPU.Build.0 = Release|Any CPU
		{1AFF12A8-365C-470A-A880-05B884A93FE1}.Release|iPhone.ActiveCfg = Release|Any CPU
		{1AFF12A8-365C-470A-A880-05B884A93FE1}.Release|iPhone.Build.0 = Release|Any CPU
		{1AFF12A8-365C-470A-A880-05B884A93FE1}.Release|iPhoneSimulator.ActiveCfg = Release|Any CPU
		{1AFF12A8-365C-470A-A880-05B884A93FE1}.Release|iPhoneSimulator.Build.0 = Release|Any CPU
	EndGlobalSection
	GlobalSection(SolutionProperties) = preSolution
		HideSolutionNode = FALSE
	EndGlobalSection
	GlobalSection(ExtensibilityGlobals) = postSolution
		SolutionGuid = {905EA586-A15E-43D6-BB93-BD17F4E9C307}
	EndGlobalSection
EndGlobal
